
Microsoft Visual Studio Solution File, Format Version 12.00
# Visual Studio Version 17
VisualStudioVersion = 17.1.32319.34
MinimumVisualStudioVersion = 10.0.40219.1
Project("{FAE04EC0-301F-11D3-BF4B-00C04F79EFBC}") = "Test", "Test\Test.csproj", "{1B10F327-0651-46D0-B682-BAC9C1FA048E}"
EndProject
Global
	GlobalSection(SolutionConfigurationPlatforms) = preSolution
		Debug|Any CPU = Debug|Any CPU
		Release|Any CPU = Release|Any CPU
	EndGlobalSection
	GlobalSection(ProjectConfigurationPlatforms) = postSolution
		{1B10F327-0651-46D0-B682-BAC9C1FA048E}.Debug|Any CPU.ActiveCfg = Debug|Any CPU
		{1B10F327-0651-46D0-B682-BAC9C1FA048E}.Debug|Any CPU.Build.0 = Debug|Any CPU
		{1B10F327-0651-46D0-B682-BAC9C1FA048E}.Release|Any CPU.ActiveCfg = Release|Any CPU
		{1B10F327-0651-46D0-B682-BAC9C1FA048E}.Release|Any CPU.Build.0 = Release|Any CPU
	EndGlobalSection
	GlobalSection(SolutionProperties) = preSolution
		HideSolutionNode = FALSE
	EndGlobalSection
	GlobalSection(ExtensibilityGlobals) = postSolution
		SolutionGuid = {CDBCD6BA-3E19-43F0-ADEE-CD29D253F870}
	EndGlobalSection
EndGlobal
